
Microsoft Visual Studio Solution File, Format Version 12.00
# Visual Studio Version 16
VisualStudioVersion = 25.0.1704.5
MinimumVisualStudioVersion = 10.0.40219.1
Project("{FAE04EC0-301F-11D3-BF4B-00C04F79EFBC}") = "MyFirstAPI", "MyFirstAPI\MyFirstAPI.csproj", "{30FF577C-067F-43A2-893E-C9A34B6BDCD2}"
EndProject
Global
	GlobalSection(SolutionConfigurationPlatforms) = preSolution
		Debug|Any CPU = Debug|Any CPU
		Release|Any CPU = Release|Any CPU
	EndGlobalSection
	GlobalSection(ProjectConfigurationPlatforms) = postSolution
		{30FF577C-067F-43A2-893E-C9A34B6BDCD2}.Debug|Any CPU.ActiveCfg = Debug|Any CPU
		{30FF577C-067F-43A2-893E-C9A34B6BDCD2}.Debug|Any CPU.Build.0 = Debug|Any CPU
		{30FF577C-067F-43A2-893E-C9A34B6BDCD2}.Release|Any CPU.ActiveCfg = Release|Any CPU
		{30FF577C-067F-43A2-893E-C9A34B6BDCD2}.Release|Any CPU.Build.0 = Release|Any CPU
	EndGlobalSection
	GlobalSection(SolutionProperties) = preSolution
		HideSolutionNode = FALSE
	EndGlobalSection
	GlobalSection(ExtensibilityGlobals) = postSolution
		SolutionGuid = {4D75A33A-B30B-4EF0-A12A-8FB1C1DE6B37}
	EndGlobalSection
EndGlobal
